// !$*UTF8*$!
{
	archiveVersion = 1;
	classes = {
	};
	objectVersion = 46;
	objects = {

/* Begin PBXBuildFile section */
		C923C2171B6E4316007C8D3E /* AppDelegate.swift in Sources */ = {isa = PBXBuildFile; fileRef = C923C2101B6E4316007C8D3E /* AppDelegate.swift */; };
		C923C2181B6E4316007C8D3E /* LaunchScreen.xib in Resources */ = {isa = PBXBuildFile; fileRef = C923C2111B6E4316007C8D3E /* LaunchScreen.xib */; };
		C923C21A1B6E4316007C8D3E /* Images.xcassets in Resources */ = {isa = PBXBuildFile; fileRef = C923C2151B6E4316007C8D3E /* Images.xcassets */; };
		C923C21F1B6E433B007C8D3E /* SCMainViewController.swift in Sources */ = {isa = PBXBuildFile; fileRef = C923C21D1B6E433B007C8D3E /* SCMainViewController.swift */; };
		C923C2201B6E433B007C8D3E /* SCMainViewController.xib in Resources */ = {isa = PBXBuildFile; fileRef = C923C21E1B6E433B007C8D3E /* SCMainViewController.xib */; };
		C923C2271B6E4571007C8D3E /* MapKit.framework in Frameworks */ = {isa = PBXBuildFile; fileRef = C923C2261B6E4571007C8D3E /* MapKit.framework */; };
		C923C2321B6E6DAA007C8D3E /* CoreLocation.framework in Frameworks */ = {isa = PBXBuildFile; fileRef = C923C2311B6E6DAA007C8D3E /* CoreLocation.framework */; };
		C93E9C2A1C640635007057C6 /* Images.xcassets in Resources */ = {isa = PBXBuildFile; fileRef = C923C2151B6E4316007C8D3E /* Images.xcassets */; };
		C95D83C41C1A13D2004246EB /* MBProgressHUD.m in Sources */ = {isa = PBXBuildFile; fileRef = C95D83C31C1A13D2004246EB /* MBProgressHUD.m */; };
		C9A74D871C629DE5001AE360 /* NotificationCenter.framework in Frameworks */ = {isa = PBXBuildFile; fileRef = C9A74D861C629DE5001AE360 /* NotificationCenter.framework */; };
		C9A74D8A1C629DE5001AE360 /* TodayViewController.swift in Sources */ = {isa = PBXBuildFile; fileRef = C9A74D891C629DE5001AE360 /* TodayViewController.swift */; };
		C9A74D8D1C629DE6001AE360 /* MainInterface.storyboard in Resources */ = {isa = PBXBuildFile; fileRef = C9A74D8B1C629DE6001AE360 /* MainInterface.storyboard */; };
		C9A74D911C629DE6001AE360 /* Distance to Stop.appex in Embed App Extensions */ = {isa = PBXBuildFile; fileRef = C9A74D851C629DE5001AE360 /* Distance to Stop.appex */; settings = {ATTRIBUTES = (RemoveHeadersOnCopy, ); }; };
		C9A74D9C1C63F922001AE360 /* SCUserDefaultsManager.swift in Sources */ = {isa = PBXBuildFile; fileRef = C9A74D9B1C63F922001AE360 /* SCUserDefaultsManager.swift */; };
		C9A74D9D1C63F933001AE360 /* SCUserDefaultsManager.swift in Sources */ = {isa = PBXBuildFile; fileRef = C9A74D9B1C63F922001AE360 /* SCUserDefaultsManager.swift */; };
/* End PBXBuildFile section */

/* Begin PBXContainerItemProxy section */
		C9A74D8F1C629DE6001AE360 /* PBXContainerItemProxy */ = {
			isa = PBXContainerItemProxy;
			containerPortal = C923C1E21B6E4277007C8D3E /* Project object */;
			proxyType = 1;
			remoteGlobalIDString = C9A74D841C629DE5001AE360;
			remoteInfo = "Distance to Stop";
		};
/* End PBXContainerItemProxy section */

/* Begin PBXCopyFilesBuildPhase section */
		C9A74D951C629DE6001AE360 /* Embed App Extensions */ = {
			isa = PBXCopyFilesBuildPhase;
			buildActionMask = 2147483647;
			dstPath = "";
			dstSubfolderSpec = 13;
			files = (
				C9A74D911C629DE6001AE360 /* Distance to Stop.appex in Embed App Extensions */,
			);
			name = "Embed App Extensions";
			runOnlyForDeploymentPostprocessing = 0;
		};
/* End PBXCopyFilesBuildPhase section */

/* Begin PBXFileReference section */
		C923C1EA1B6E4277007C8D3E /* Stop Catcher.app */ = {isa = PBXFileReference; explicitFileType = wrapper.application; includeInIndex = 0; path = "Stop Catcher.app"; sourceTree = BUILT_PRODUCTS_DIR; };
		C923C2101B6E4316007C8D3E /* AppDelegate.swift */ = {isa = PBXFileReference; fileEncoding = 4; lastKnownFileType = sourcecode.swift; path = AppDelegate.swift; sourceTree = "<group>"; };
		C923C2121B6E4316007C8D3E /* Base */ = {isa = PBXFileReference; lastKnownFileType = file.xib; name = Base; path = Base.lproj/LaunchScreen.xib; sourceTree = "<group>"; };
		C923C2151B6E4316007C8D3E /* Images.xcassets */ = {isa = PBXFileReference; lastKnownFileType = folder.assetcatalog; path = Images.xcassets; sourceTree = "<group>"; };
		C923C2161B6E4316007C8D3E /* Info.plist */ = {isa = PBXFileReference; fileEncoding = 4; lastKnownFileType = text.plist.xml; path = Info.plist; sourceTree = "<group>"; };
		C923C21D1B6E433B007C8D3E /* SCMainViewController.swift */ = {isa = PBXFileReference; fileEncoding = 4; lastKnownFileType = sourcecode.swift; name = SCMainViewController.swift; path = MainViewController/SCMainViewController.swift; sourceTree = "<group>"; };
		C923C21E1B6E433B007C8D3E /* SCMainViewController.xib */ = {isa = PBXFileReference; fileEncoding = 4; lastKnownFileType = file.xib; name = SCMainViewController.xib; path = MainViewController/SCMainViewController.xib; sourceTree = "<group>"; };
		C923C2261B6E4571007C8D3E /* MapKit.framework */ = {isa = PBXFileReference; lastKnownFileType = wrapper.framework; name = MapKit.framework; path = System/Library/Frameworks/MapKit.framework; sourceTree = SDKROOT; };
		C923C2311B6E6DAA007C8D3E /* CoreLocation.framework */ = {isa = PBXFileReference; lastKnownFileType = wrapper.framework; name = CoreLocation.framework; path = System/Library/Frameworks/CoreLocation.framework; sourceTree = SDKROOT; };
		C95D83C21C1A13D2004246EB /* MBProgressHUD.h */ = {isa = PBXFileReference; fileEncoding = 4; lastKnownFileType = sourcecode.c.h; path = MBProgressHUD.h; sourceTree = "<group>"; };
		C95D83C31C1A13D2004246EB /* MBProgressHUD.m */ = {isa = PBXFileReference; fileEncoding = 4; lastKnownFileType = sourcecode.c.objc; path = MBProgressHUD.m; sourceTree = "<group>"; };
		C95D83C81C1A1465004246EB /* StopCatcherBridgingHeader.h */ = {isa = PBXFileReference; fileEncoding = 4; lastKnownFileType = sourcecode.c.h; path = StopCatcherBridgingHeader.h; sourceTree = "<group>"; };
		C9A74D851C629DE5001AE360 /* Distance to Stop.appex */ = {isa = PBXFileReference; explicitFileType = "wrapper.app-extension"; includeInIndex = 0; path = "Distance to Stop.appex"; sourceTree = BUILT_PRODUCTS_DIR; };
		C9A74D861C629DE5001AE360 /* NotificationCenter.framework */ = {isa = PBXFileReference; lastKnownFileType = wrapper.framework; name = NotificationCenter.framework; path = System/Library/Frameworks/NotificationCenter.framework; sourceTree = SDKROOT; };
		C9A74D891C629DE5001AE360 /* TodayViewController.swift */ = {isa = PBXFileReference; lastKnownFileType = sourcecode.swift; path = TodayViewController.swift; sourceTree = "<group>"; };
		C9A74D8C1C629DE6001AE360 /* Base */ = {isa = PBXFileReference; lastKnownFileType = file.storyboard; name = Base; path = Base.lproj/MainInterface.storyboard; sourceTree = "<group>"; };
		C9A74D8E1C629DE6001AE360 /* Info.plist */ = {isa = PBXFileReference; lastKnownFileType = text.plist.xml; path = Info.plist; sourceTree = "<group>"; };
		C9A74D971C62A17E001AE360 /* Distance to Stop.entitlements */ = {isa = PBXFileReference; lastKnownFileType = text.xml; path = "Distance to Stop.entitlements"; sourceTree = "<group>"; };
		C9A74D981C62A189001AE360 /* Stop Catcher.entitlements */ = {isa = PBXFileReference; lastKnownFileType = text.xml; path = "Stop Catcher.entitlements"; sourceTree = "<group>"; };
		C9A74D9B1C63F922001AE360 /* SCUserDefaultsManager.swift */ = {isa = PBXFileReference; fileEncoding = 4; lastKnownFileType = sourcecode.swift; path = SCUserDefaultsManager.swift; sourceTree = "<group>"; };
/* End PBXFileReference section */

/* Begin PBXFrameworksBuildPhase section */
		C923C1E71B6E4277007C8D3E /* Frameworks */ = {
			isa = PBXFrameworksBuildPhase;
			buildActionMask = 2147483647;
			files = (
				C923C2321B6E6DAA007C8D3E /* CoreLocation.framework in Frameworks */,
				C923C2271B6E4571007C8D3E /* MapKit.framework in Frameworks */,
			);
			runOnlyForDeploymentPostprocessing = 0;
		};
		C9A74D821C629DE5001AE360 /* Frameworks */ = {
			isa = PBXFrameworksBuildPhase;
			buildActionMask = 2147483647;
			files = (
				C9A74D871C629DE5001AE360 /* NotificationCenter.framework in Frameworks */,
			);
			runOnlyForDeploymentPostprocessing = 0;
		};
/* End PBXFrameworksBuildPhase section */

/* Begin PBXGroup section */
		C923C1E11B6E4277007C8D3E = {
			isa = PBXGroup;
			children = (
				C9A74D881C629DE5001AE360 /* Distance to Stop Extenstion */,
				C923C2281B6E4583007C8D3E /* Frameworks */,
				C923C1EB1B6E4277007C8D3E /* Products */,
				C9A74D991C63F922001AE360 /* Shared Classes */,
				C923C1EC1B6E4277007C8D3E /* Stop Catcher */,
				C95D83C01C1A139A004246EB /* Third Party Libraries */,
			);
			sourceTree = "<group>";
		};
		C923C1EB1B6E4277007C8D3E /* Products */ = {
			isa = PBXGroup;
			children = (
				C923C1EA1B6E4277007C8D3E /* Stop Catcher.app */,
				C9A74D851C629DE5001AE360 /* Distance to Stop.appex */,
			);
			name = Products;
			sourceTree = "<group>";
		};
		C923C1EC1B6E4277007C8D3E /* Stop Catcher */ = {
			isa = PBXGroup;
			children = (
				C9A74D981C62A189001AE360 /* Stop Catcher.entitlements */,
				C923C21C1B6E4321007C8D3E /* MainViewController */,
				C923C20F1B6E4316007C8D3E /* Supporting Files */,
			);
			path = "Stop Catcher";
			sourceTree = "<group>";
		};
		C923C20F1B6E4316007C8D3E /* Supporting Files */ = {
			isa = PBXGroup;
			children = (
				C923C2101B6E4316007C8D3E /* AppDelegate.swift */,
				C923C2111B6E4316007C8D3E /* LaunchScreen.xib */,
				C923C2151B6E4316007C8D3E /* Images.xcassets */,
				C923C2161B6E4316007C8D3E /* Info.plist */,
				C95D83C81C1A1465004246EB /* StopCatcherBridgingHeader.h */,
			);
			path = "Supporting Files";
			sourceTree = "<group>";
		};
		C923C21C1B6E4321007C8D3E /* MainViewController */ = {
			isa = PBXGroup;
			children = (
				C923C21D1B6E433B007C8D3E /* SCMainViewController.swift */,
				C923C21E1B6E433B007C8D3E /* SCMainViewController.xib */,
			);
			name = MainViewController;
			sourceTree = "<group>";
		};
		C923C2281B6E4583007C8D3E /* Frameworks */ = {
			isa = PBXGroup;
			children = (
				C923C2311B6E6DAA007C8D3E /* CoreLocation.framework */,
				C923C2261B6E4571007C8D3E /* MapKit.framework */,
				C9A74D861C629DE5001AE360 /* NotificationCenter.framework */,
			);
			name = Frameworks;
			sourceTree = "<group>";
		};
		C95D83C01C1A139A004246EB /* Third Party Libraries */ = {
			isa = PBXGroup;
			children = (
				C95D83C11C1A13D2004246EB /* MBProgressHUD */,
			);
			name = "Third Party Libraries";
			sourceTree = "<group>";
		};
		C95D83C11C1A13D2004246EB /* MBProgressHUD */ = {
			isa = PBXGroup;
			children = (
				C95D83C21C1A13D2004246EB /* MBProgressHUD.h */,
				C95D83C31C1A13D2004246EB /* MBProgressHUD.m */,
			);
			name = MBProgressHUD;
			path = "Third Party Libraries/MBProgressHUD";
			sourceTree = "<group>";
		};
		C9A74D881C629DE5001AE360 /* Distance to Stop Extenstion */ = {
			isa = PBXGroup;
			children = (
				C9A74D971C62A17E001AE360 /* Distance to Stop.entitlements */,
				C9A74D891C629DE5001AE360 /* TodayViewController.swift */,
				C9A74D8B1C629DE6001AE360 /* MainInterface.storyboard */,
				C9A74D8E1C629DE6001AE360 /* Info.plist */,
			);
			name = "Distance to Stop Extenstion";
			path = "Distance to Stop";
			sourceTree = "<group>";
		};
		C9A74D991C63F922001AE360 /* Shared Classes */ = {
			isa = PBXGroup;
			children = (
				C9A74D9A1C63F922001AE360 /* User Defaults Manager */,
			);
			path = "Shared Classes";
			sourceTree = "<group>";
		};
		C9A74D9A1C63F922001AE360 /* User Defaults Manager */ = {
			isa = PBXGroup;
			children = (
				C9A74D9B1C63F922001AE360 /* SCUserDefaultsManager.swift */,
			);
			path = "User Defaults Manager";
			sourceTree = "<group>";
		};
/* End PBXGroup section */

/* Begin PBXNativeTarget section */
		C923C1E91B6E4277007C8D3E /* Stop Catcher */ = {
			isa = PBXNativeTarget;
			buildConfigurationList = C923C2091B6E4277007C8D3E /* Build configuration list for PBXNativeTarget "Stop Catcher" */;
			buildPhases = (
				C923C1E61B6E4277007C8D3E /* Sources */,
				C923C1E71B6E4277007C8D3E /* Frameworks */,
				C923C1E81B6E4277007C8D3E /* Resources */,
				C9A74D951C629DE6001AE360 /* Embed App Extensions */,
			);
			buildRules = (
			);
			dependencies = (
				C9A74D901C629DE6001AE360 /* PBXTargetDependency */,
			);
			name = "Stop Catcher";
			productName = "Stop Catcher";
			productReference = C923C1EA1B6E4277007C8D3E /* Stop Catcher.app */;
			productType = "com.apple.product-type.application";
		};
		C9A74D841C629DE5001AE360 /* Distance to Stop */ = {
			isa = PBXNativeTarget;
			buildConfigurationList = C9A74D941C629DE6001AE360 /* Build configuration list for PBXNativeTarget "Distance to Stop" */;
			buildPhases = (
				C9A74D811C629DE5001AE360 /* Sources */,
				C9A74D821C629DE5001AE360 /* Frameworks */,
				C9A74D831C629DE5001AE360 /* Resources */,
			);
			buildRules = (
			);
			dependencies = (
			);
			name = "Distance to Stop";
			productName = "Distance to Stop";
			productReference = C9A74D851C629DE5001AE360 /* Distance to Stop.appex */;
			productType = "com.apple.product-type.app-extension";
		};
/* End PBXNativeTarget section */

/* Begin PBXProject section */
		C923C1E21B6E4277007C8D3E /* Project object */ = {
			isa = PBXProject;
			attributes = {
				LastSwiftMigration = 0710;
				LastSwiftUpdateCheck = 0710;
				LastUpgradeCheck = 0800;
				ORGANIZATIONNAME = "Stop Catcher";
				TargetAttributes = {
					C923C1E91B6E4277007C8D3E = {
						CreatedOnToolsVersion = 6.4;
						DevelopmentTeam = C77ZC8954S;
						LastSwiftMigration = 0800;
						SystemCapabilities = {
							com.apple.ApplicationGroups.iOS = {
								enabled = 1;
							};
							com.apple.BackgroundModes = {
								enabled = 1;
							};
						};
					};
					C9A74D841C629DE5001AE360 = {
						CreatedOnToolsVersion = 7.1.1;
						DevelopmentTeam = C77ZC8954S;
						LastSwiftMigration = 0800;
						SystemCapabilities = {
							com.apple.ApplicationGroups.iOS = {
								enabled = 1;
							};
						};
					};
				};
			};
			buildConfigurationList = C923C1E51B6E4277007C8D3E /* Build configuration list for PBXProject "Stop Catcher" */;
			compatibilityVersion = "Xcode 3.2";
			developmentRegion = English;
			hasScannedForEncodings = 0;
			knownRegions = (
				en,
				Base,
			);
			mainGroup = C923C1E11B6E4277007C8D3E;
			productRefGroup = C923C1EB1B6E4277007C8D3E /* Products */;
			projectDirPath = "";
			projectRoot = "";
			targets = (
				C923C1E91B6E4277007C8D3E /* Stop Catcher */,
				C9A74D841C629DE5001AE360 /* Distance to Stop */,
			);
		};
/* End PBXProject section */

/* Begin PBXResourcesBuildPhase section */
		C923C1E81B6E4277007C8D3E /* Resources */ = {
			isa = PBXResourcesBuildPhase;
			buildActionMask = 2147483647;
			files = (
				C923C21A1B6E4316007C8D3E /* Images.xcassets in Resources */,
				C923C2181B6E4316007C8D3E /* LaunchScreen.xib in Resources */,
				C923C2201B6E433B007C8D3E /* SCMainViewController.xib in Resources */,
			);
			runOnlyForDeploymentPostprocessing = 0;
		};
		C9A74D831C629DE5001AE360 /* Resources */ = {
			isa = PBXResourcesBuildPhase;
			buildActionMask = 2147483647;
			files = (
				C9A74D8D1C629DE6001AE360 /* MainInterface.storyboard in Resources */,
				C93E9C2A1C640635007057C6 /* Images.xcassets in Resources */,
			);
			runOnlyForDeploymentPostprocessing = 0;
		};
/* End PBXResourcesBuildPhase section */

/* Begin PBXSourcesBuildPhase section */
		C923C1E61B6E4277007C8D3E /* Sources */ = {
			isa = PBXSourcesBuildPhase;
			buildActionMask = 2147483647;
			files = (
				C923C2171B6E4316007C8D3E /* AppDelegate.swift in Sources */,
				C9A74D9C1C63F922001AE360 /* SCUserDefaultsManager.swift in Sources */,
				C95D83C41C1A13D2004246EB /* MBProgressHUD.m in Sources */,
				C923C21F1B6E433B007C8D3E /* SCMainViewController.swift in Sources */,
			);
			runOnlyForDeploymentPostprocessing = 0;
		};
		C9A74D811C629DE5001AE360 /* Sources */ = {
			isa = PBXSourcesBuildPhase;
			buildActionMask = 2147483647;
			files = (
				C9A74D9D1C63F933001AE360 /* SCUserDefaultsManager.swift in Sources */,
				C9A74D8A1C629DE5001AE360 /* TodayViewController.swift in Sources */,
			);
			runOnlyForDeploymentPostprocessing = 0;
		};
/* End PBXSourcesBuildPhase section */

/* Begin PBXTargetDependency section */
		C9A74D901C629DE6001AE360 /* PBXTargetDependency */ = {
			isa = PBXTargetDependency;
			target = C9A74D841C629DE5001AE360 /* Distance to Stop */;
			targetProxy = C9A74D8F1C629DE6001AE360 /* PBXContainerItemProxy */;
		};
/* End PBXTargetDependency section */

/* Begin PBXVariantGroup section */
		C923C2111B6E4316007C8D3E /* LaunchScreen.xib */ = {
			isa = PBXVariantGroup;
			children = (
				C923C2121B6E4316007C8D3E /* Base */,
			);
			name = LaunchScreen.xib;
			sourceTree = "<group>";
		};
		C9A74D8B1C629DE6001AE360 /* MainInterface.storyboard */ = {
			isa = PBXVariantGroup;
			children = (
				C9A74D8C1C629DE6001AE360 /* Base */,
			);
			name = MainInterface.storyboard;
			sourceTree = "<group>";
		};
/* End PBXVariantGroup section */

/* Begin XCBuildConfiguration section */
		C923C2071B6E4277007C8D3E /* Debug */ = {
			isa = XCBuildConfiguration;
			buildSettings = {
				ALWAYS_SEARCH_USER_PATHS = NO;
				CLANG_CXX_LANGUAGE_STANDARD = "gnu++0x";
				CLANG_CXX_LIBRARY = "libc++";
				CLANG_ENABLE_MODULES = YES;
				CLANG_ENABLE_OBJC_ARC = YES;
				CLANG_WARN_BOOL_CONVERSION = YES;
				CLANG_WARN_CONSTANT_CONVERSION = YES;
				CLANG_WARN_DIRECT_OBJC_ISA_USAGE = YES_ERROR;
				CLANG_WARN_EMPTY_BODY = YES;
				CLANG_WARN_ENUM_CONVERSION = YES;
				CLANG_WARN_INFINITE_RECURSION = YES;
				CLANG_WARN_INT_CONVERSION = YES;
				CLANG_WARN_OBJC_ROOT_CLASS = YES_ERROR;
				CLANG_WARN_SUSPICIOUS_MOVE = YES;
				CLANG_WARN_UNREACHABLE_CODE = YES;
				CLANG_WARN__DUPLICATE_METHOD_MATCH = YES;
				"CODE_SIGN_IDENTITY[sdk=iphoneos*]" = "iPhone Developer";
				COPY_PHASE_STRIP = NO;
				DEBUG_INFORMATION_FORMAT = "dwarf-with-dsym";
				ENABLE_STRICT_OBJC_MSGSEND = YES;
				ENABLE_TESTABILITY = YES;
				GCC_C_LANGUAGE_STANDARD = gnu99;
				GCC_DYNAMIC_NO_PIC = NO;
				GCC_NO_COMMON_BLOCKS = YES;
				GCC_OPTIMIZATION_LEVEL = 0;
				GCC_PREPROCESSOR_DEFINITIONS = (
					"DEBUG=1",
					"$(inherited)",
				);
				GCC_SYMBOLS_PRIVATE_EXTERN = NO;
				GCC_TREAT_WARNINGS_AS_ERRORS = YES;
				GCC_WARN_64_TO_32_BIT_CONVERSION = YES;
				GCC_WARN_ABOUT_RETURN_TYPE = YES_ERROR;
				GCC_WARN_UNDECLARED_SELECTOR = YES;
				GCC_WARN_UNINITIALIZED_AUTOS = YES_AGGRESSIVE;
				GCC_WARN_UNUSED_FUNCTION = YES;
				GCC_WARN_UNUSED_VARIABLE = YES;
				IPHONEOS_DEPLOYMENT_TARGET = 9.1;
				MTL_ENABLE_DEBUG_INFO = YES;
				ONLY_ACTIVE_ARCH = YES;
				SDKROOT = iphoneos;
				SWIFT_OPTIMIZATION_LEVEL = "-Onone";
			};
			name = Debug;
		};
		C923C2081B6E4277007C8D3E /* Release */ = {
			isa = XCBuildConfiguration;
			buildSettings = {
				ALWAYS_SEARCH_USER_PATHS = NO;
				CLANG_CXX_LANGUAGE_STANDARD = "gnu++0x";
				CLANG_CXX_LIBRARY = "libc++";
				CLANG_ENABLE_MODULES = YES;
				CLANG_ENABLE_OBJC_ARC = YES;
				CLANG_WARN_BOOL_CONVERSION = YES;
				CLANG_WARN_CONSTANT_CONVERSION = YES;
				CLANG_WARN_DIRECT_OBJC_ISA_USAGE = YES_ERROR;
				CLANG_WARN_EMPTY_BODY = YES;
				CLANG_WARN_ENUM_CONVERSION = YES;
				CLANG_WARN_INFINITE_RECURSION = YES;
				CLANG_WARN_INT_CONVERSION = YES;
				CLANG_WARN_OBJC_ROOT_CLASS = YES_ERROR;
				CLANG_WARN_SUSPICIOUS_MOVE = YES;
				CLANG_WARN_UNREACHABLE_CODE = YES;
				CLANG_WARN__DUPLICATE_METHOD_MATCH = YES;
				"CODE_SIGN_IDENTITY[sdk=iphoneos*]" = "iPhone Developer";
				COPY_PHASE_STRIP = NO;
				DEBUG_INFORMATION_FORMAT = "dwarf-with-dsym";
				ENABLE_NS_ASSERTIONS = NO;
				ENABLE_STRICT_OBJC_MSGSEND = YES;
				GCC_C_LANGUAGE_STANDARD = gnu99;
				GCC_NO_COMMON_BLOCKS = YES;
				GCC_TREAT_WARNINGS_AS_ERRORS = YES;
				GCC_WARN_64_TO_32_BIT_CONVERSION = YES;
				GCC_WARN_ABOUT_RETURN_TYPE = YES_ERROR;
				GCC_WARN_UNDECLARED_SELECTOR = YES;
				GCC_WARN_UNINITIALIZED_AUTOS = YES_AGGRESSIVE;
				GCC_WARN_UNUSED_FUNCTION = YES;
				GCC_WARN_UNUSED_VARIABLE = YES;
				IPHONEOS_DEPLOYMENT_TARGET = 9.1;
				MTL_ENABLE_DEBUG_INFO = NO;
				SDKROOT = iphoneos;
				SWIFT_OPTIMIZATION_LEVEL = "-Owholemodule";
				VALIDATE_PRODUCT = YES;
			};
			name = Release;
		};
		C923C20A1B6E4277007C8D3E /* Debug */ = {
			isa = XCBuildConfiguration;
			buildSettings = {
				ALWAYS_EMBED_SWIFT_STANDARD_LIBRARIES = YES;
				ASSETCATALOG_COMPILER_APPICON_NAME = AppIcon;
				CODE_SIGN_ENTITLEMENTS = "Stop Catcher/Stop Catcher.entitlements";
				CODE_SIGN_IDENTITY = "iPhone Developer";
				"CODE_SIGN_IDENTITY[sdk=iphoneos*]" = "iPhone Developer";
				DEVELOPMENT_TEAM = C77ZC8954S;
				FRAMEWORK_SEARCH_PATHS = (
					"$(inherited)",
					"$(PROJECT_DIR)",
				);
				GCC_TREAT_WARNINGS_AS_ERRORS = YES;
				INFOPLIST_FILE = "Stop Catcher/Supporting Files/Info.plist";
				IPHONEOS_DEPLOYMENT_TARGET = 9.1;
				LD_RUNPATH_SEARCH_PATHS = "$(inherited) @executable_path/Frameworks";
				PRODUCT_BUNDLE_IDENTIFIER = com.stopcatcher.StopCatcher;
				PRODUCT_NAME = "$(TARGET_NAME)";
				PROVISIONING_PROFILE = "";
				SWIFT_OBJC_BRIDGING_HEADER = "/Users/brianmurphy/Documents/Development/iOS/Stop Catcher/Stop Catcher/Supporting Files/StopCatcherBridgingHeader.h";
				SWIFT_VERSION = 3.0;
				TARGETED_DEVICE_FAMILY = "1,2";
			};
			name = Debug;
		};
		C923C20B1B6E4277007C8D3E /* Release */ = {
			isa = XCBuildConfiguration;
			buildSettings = {
				ALWAYS_EMBED_SWIFT_STANDARD_LIBRARIES = YES;
				ASSETCATALOG_COMPILER_APPICON_NAME = AppIcon;
				CODE_SIGN_ENTITLEMENTS = "Stop Catcher/Stop Catcher.entitlements";
				CODE_SIGN_IDENTITY = "iPhone Developer";
				"CODE_SIGN_IDENTITY[sdk=iphoneos*]" = "iPhone Developer";
				DEVELOPMENT_TEAM = C77ZC8954S;
				FRAMEWORK_SEARCH_PATHS = (
					"$(inherited)",
					"$(PROJECT_DIR)",
				);
				GCC_TREAT_WARNINGS_AS_ERRORS = YES;
				INFOPLIST_FILE = "Stop Catcher/Supporting Files/Info.plist";
				IPHONEOS_DEPLOYMENT_TARGET = 9.1;
				LD_RUNPATH_SEARCH_PATHS = "$(inherited) @executable_path/Frameworks";
				PRODUCT_BUNDLE_IDENTIFIER = com.stopcatcher.StopCatcher;
				PRODUCT_NAME = "$(TARGET_NAME)";
				PROVISIONING_PROFILE = "";
				SWIFT_OBJC_BRIDGING_HEADER = "/Users/brianmurphy/Documents/Development/iOS/Stop Catcher/Stop Catcher/Supporting Files/StopCatcherBridgingHeader.h";
				SWIFT_VERSION = 3.0;
				TARGETED_DEVICE_FAMILY = "1,2";
			};
			name = Release;
		};
		C9A74D921C629DE6001AE360 /* Debug */ = {
			isa = XCBuildConfiguration;
			buildSettings = {
				CODE_SIGN_ENTITLEMENTS = "Distance to Stop/Distance to Stop.entitlements";
				CODE_SIGN_IDENTITY = "iPhone Developer";
				"CODE_SIGN_IDENTITY[sdk=iphoneos*]" = "iPhone Developer";
				DEBUG_INFORMATION_FORMAT = dwarf;
				DEVELOPMENT_TEAM = C77ZC8954S;
				INFOPLIST_FILE = "Distance to Stop/Info.plist";
				IPHONEOS_DEPLOYMENT_TARGET = 9.1;
				LD_RUNPATH_SEARCH_PATHS = "$(inherited) @executable_path/Frameworks @executable_path/../../Frameworks";
				PRODUCT_BUNDLE_IDENTIFIER = "com.stopcatcher.StopCatcher.Distance-to-Stop";
				PRODUCT_NAME = "$(TARGET_NAME)";
				PROVISIONING_PROFILE = "";
				SKIP_INSTALL = YES;
				SWIFT_VERSION = 3.0;
			};
			name = Debug;
		};
		C9A74D931C629DE6001AE360 /* Release */ = {
			isa = XCBuildConfiguration;
			buildSettings = {
				CODE_SIGN_ENTITLEMENTS = "Distance to Stop/Distance to Stop.entitlements";
				CODE_SIGN_IDENTITY = "iPhone Developer";
				"CODE_SIGN_IDENTITY[sdk=iphoneos*]" = "iPhone Developer";
				DEVELOPMENT_TEAM = C77ZC8954S;
				INFOPLIST_FILE = "Distance to Stop/Info.plist";
				IPHONEOS_DEPLOYMENT_TARGET = 9.1;
				LD_RUNPATH_SEARCH_PATHS = "$(inherited) @executable_path/Frameworks @executable_path/../../Frameworks";
				PRODUCT_BUNDLE_IDENTIFIER = "com.stopcatcher.StopCatcher.Distance-to-Stop";
				PRODUCT_NAME = "$(TARGET_NAME)";
				PROVISIONING_PROFILE = "";
				SKIP_INSTALL = YES;
				SWIFT_VERSION = 3.0;
			};
			name = Release;
		};
/* End XCBuildConfiguration section */

/* Begin XCConfigurationList section */
		C923C1E51B6E4277007C8D3E /* Build configuration list for PBXProject "Stop Catcher" */ = {
			isa = XCConfigurationList;
			buildConfigurations = (
				C923C2071B6E4277007C8D3E /* Debug */,
				C923C2081B6E4277007C8D3E /* Release */,
			);
			defaultConfigurationIsVisible = 0;
			defaultConfigurationName = Release;
		};
		C923C2091B6E4277007C8D3E /* Build configuration list for PBXNativeTarget "Stop Catcher" */ = {
			isa = XCConfigurationList;
			buildConfigurations = (
				C923C20A1B6E4277007C8D3E /* Debug */,
				C923C20B1B6E4277007C8D3E /* Release */,
			);
			defaultConfigurationIsVisible = 0;
			defaultConfigurationName = Release;
		};
		C9A74D941C629DE6001AE360 /* Build configuration list for PBXNativeTarget "Distance to Stop" */ = {
			isa = XCConfigurationList;
			buildConfigurations = (
				C9A74D921C629DE6001AE360 /* Debug */,
				C9A74D931C629DE6001AE360 /* Release */,
			);
			defaultConfigurationIsVisible = 0;
			defaultConfigurationName = Release;
		};
/* End XCConfigurationList section */
	};
	rootObject = C923C1E21B6E4277007C8D3E /* Project object */;
}
