// !$*UTF8*$!
{
	archiveVersion = 1;
	classes = {
	};
	objectVersion = 46;
	objects = {

/* Begin PBXBuildFile section */
		C923C2061B6E4277007C8D3E /* Stop_CatcherTests.swift in Sources */ = {isa = PBXBuildFile; fileRef = C923C2051B6E4277007C8D3E /* Stop_CatcherTests.swift */; };
		C923C2171B6E4316007C8D3E /* AppDelegate.swift in Sources */ = {isa = PBXBuildFile; fileRef = C923C2101B6E4316007C8D3E /* AppDelegate.swift */; };
		C923C2181B6E4316007C8D3E /* LaunchScreen.xib in Resources */ = {isa = PBXBuildFile; fileRef = C923C2111B6E4316007C8D3E /* LaunchScreen.xib */; };
		C923C21A1B6E4316007C8D3E /* Images.xcassets in Resources */ = {isa = PBXBuildFile; fileRef = C923C2151B6E4316007C8D3E /* Images.xcassets */; };
		C923C21F1B6E433B007C8D3E /* SCMainViewController.swift in Sources */ = {isa = PBXBuildFile; fileRef = C923C21D1B6E433B007C8D3E /* SCMainViewController.swift */; };
		C923C2201B6E433B007C8D3E /* SCMainViewController.xib in Resources */ = {isa = PBXBuildFile; fileRef = C923C21E1B6E433B007C8D3E /* SCMainViewController.xib */; };
		C923C2271B6E4571007C8D3E /* MapKit.framework in Frameworks */ = {isa = PBXBuildFile; fileRef = C923C2261B6E4571007C8D3E /* MapKit.framework */; };
		C923C2301B6E45E3007C8D3E /* SCViewController.swift in Sources */ = {isa = PBXBuildFile; fileRef = C923C22F1B6E45E3007C8D3E /* SCViewController.swift */; };
		C923C2321B6E6DAA007C8D3E /* CoreLocation.framework in Frameworks */ = {isa = PBXBuildFile; fileRef = C923C2311B6E6DAA007C8D3E /* CoreLocation.framework */; };
		C923C2351B6E797F007C8D3E /* SCUserDefaultsManager.swift in Sources */ = {isa = PBXBuildFile; fileRef = C923C2341B6E797F007C8D3E /* SCUserDefaultsManager.swift */; };
/* End PBXBuildFile section */

/* Begin PBXContainerItemProxy section */
		C923C2001B6E4277007C8D3E /* PBXContainerItemProxy */ = {
			isa = PBXContainerItemProxy;
			containerPortal = C923C1E21B6E4277007C8D3E /* Project object */;
			proxyType = 1;
			remoteGlobalIDString = C923C1E91B6E4277007C8D3E;
			remoteInfo = "Stop Catcher";
		};
/* End PBXContainerItemProxy section */

/* Begin PBXFileReference section */
		C923C1EA1B6E4277007C8D3E /* Stop Catcher.app */ = {isa = PBXFileReference; explicitFileType = wrapper.application; includeInIndex = 0; path = "Stop Catcher.app"; sourceTree = BUILT_PRODUCTS_DIR; };
		C923C1FF1B6E4277007C8D3E /* Stop CatcherTests.xctest */ = {isa = PBXFileReference; explicitFileType = wrapper.cfbundle; includeInIndex = 0; path = "Stop CatcherTests.xctest"; sourceTree = BUILT_PRODUCTS_DIR; };
		C923C2041B6E4277007C8D3E /* Info.plist */ = {isa = PBXFileReference; lastKnownFileType = text.plist.xml; path = Info.plist; sourceTree = "<group>"; };
		C923C2051B6E4277007C8D3E /* Stop_CatcherTests.swift */ = {isa = PBXFileReference; lastKnownFileType = sourcecode.swift; path = Stop_CatcherTests.swift; sourceTree = "<group>"; };
		C923C2101B6E4316007C8D3E /* AppDelegate.swift */ = {isa = PBXFileReference; fileEncoding = 4; lastKnownFileType = sourcecode.swift; path = AppDelegate.swift; sourceTree = "<group>"; };
		C923C2121B6E4316007C8D3E /* Base */ = {isa = PBXFileReference; lastKnownFileType = file.xib; name = Base; path = Base.lproj/LaunchScreen.xib; sourceTree = "<group>"; };
		C923C2151B6E4316007C8D3E /* Images.xcassets */ = {isa = PBXFileReference; lastKnownFileType = folder.assetcatalog; path = Images.xcassets; sourceTree = "<group>"; };
		C923C2161B6E4316007C8D3E /* Info.plist */ = {isa = PBXFileReference; fileEncoding = 4; lastKnownFileType = text.plist.xml; path = Info.plist; sourceTree = "<group>"; };
		C923C21D1B6E433B007C8D3E /* SCMainViewController.swift */ = {isa = PBXFileReference; fileEncoding = 4; lastKnownFileType = sourcecode.swift; name = SCMainViewController.swift; path = MainViewController/SCMainViewController.swift; sourceTree = "<group>"; };
		C923C21E1B6E433B007C8D3E /* SCMainViewController.xib */ = {isa = PBXFileReference; fileEncoding = 4; lastKnownFileType = file.xib; name = SCMainViewController.xib; path = MainViewController/SCMainViewController.xib; sourceTree = "<group>"; };
		C923C2261B6E4571007C8D3E /* MapKit.framework */ = {isa = PBXFileReference; lastKnownFileType = wrapper.framework; name = MapKit.framework; path = System/Library/Frameworks/MapKit.framework; sourceTree = SDKROOT; };
		C923C22F1B6E45E3007C8D3E /* SCViewController.swift */ = {isa = PBXFileReference; fileEncoding = 4; lastKnownFileType = sourcecode.swift; name = SCViewController.swift; path = SCViewController/SCViewController.swift; sourceTree = "<group>"; };
		C923C2311B6E6DAA007C8D3E /* CoreLocation.framework */ = {isa = PBXFileReference; lastKnownFileType = wrapper.framework; name = CoreLocation.framework; path = System/Library/Frameworks/CoreLocation.framework; sourceTree = SDKROOT; };
		C923C2341B6E797F007C8D3E /* SCUserDefaultsManager.swift */ = {isa = PBXFileReference; fileEncoding = 4; lastKnownFileType = sourcecode.swift; name = SCUserDefaultsManager.swift; path = "User Defaults Manager/SCUserDefaultsManager.swift"; sourceTree = "<group>"; };
/* End PBXFileReference section */

/* Begin PBXFrameworksBuildPhase section */
		C923C1E71B6E4277007C8D3E /* Frameworks */ = {
			isa = PBXFrameworksBuildPhase;
			buildActionMask = 2147483647;
			files = (
				C923C2321B6E6DAA007C8D3E /* CoreLocation.framework in Frameworks */,
				C923C2271B6E4571007C8D3E /* MapKit.framework in Frameworks */,
			);
			runOnlyForDeploymentPostprocessing = 0;
		};
		C923C1FC1B6E4277007C8D3E /* Frameworks */ = {
			isa = PBXFrameworksBuildPhase;
			buildActionMask = 2147483647;
			files = (
			);
			runOnlyForDeploymentPostprocessing = 0;
		};
/* End PBXFrameworksBuildPhase section */

/* Begin PBXGroup section */
		C923C1E11B6E4277007C8D3E = {
			isa = PBXGroup;
			children = (
				C923C2281B6E4583007C8D3E /* Frameworks */,
				C923C1EB1B6E4277007C8D3E /* Products */,
				C923C1EC1B6E4277007C8D3E /* Stop Catcher */,
				C923C2021B6E4277007C8D3E /* Stop CatcherTests */,
			);
			sourceTree = "<group>";
		};
		C923C1EB1B6E4277007C8D3E /* Products */ = {
			isa = PBXGroup;
			children = (
				C923C1EA1B6E4277007C8D3E /* Stop Catcher.app */,
				C923C1FF1B6E4277007C8D3E /* Stop CatcherTests.xctest */,
			);
			name = Products;
			sourceTree = "<group>";
		};
		C923C1EC1B6E4277007C8D3E /* Stop Catcher */ = {
			isa = PBXGroup;
			children = (
				C923C2331B6E795F007C8D3E /* User Defaults Manager */,
				C923C22E1B6E45D5007C8D3E /* SCViewController */,
				C923C21C1B6E4321007C8D3E /* MainViewController */,
				C923C20F1B6E4316007C8D3E /* Supporting Files */,
			);
			path = "Stop Catcher";
			sourceTree = "<group>";
		};
		C923C2021B6E4277007C8D3E /* Stop CatcherTests */ = {
			isa = PBXGroup;
			children = (
				C923C2051B6E4277007C8D3E /* Stop_CatcherTests.swift */,
				C923C2031B6E4277007C8D3E /* Supporting Files */,
			);
			path = "Stop CatcherTests";
			sourceTree = "<group>";
		};
		C923C2031B6E4277007C8D3E /* Supporting Files */ = {
			isa = PBXGroup;
			children = (
				C923C2041B6E4277007C8D3E /* Info.plist */,
			);
			name = "Supporting Files";
			sourceTree = "<group>";
		};
		C923C20F1B6E4316007C8D3E /* Supporting Files */ = {
			isa = PBXGroup;
			children = (
				C923C2101B6E4316007C8D3E /* AppDelegate.swift */,
				C923C2111B6E4316007C8D3E /* LaunchScreen.xib */,
				C923C2151B6E4316007C8D3E /* Images.xcassets */,
				C923C2161B6E4316007C8D3E /* Info.plist */,
			);
			path = "Supporting Files";
			sourceTree = "<group>";
		};
		C923C21C1B6E4321007C8D3E /* MainViewController */ = {
			isa = PBXGroup;
			children = (
				C923C21D1B6E433B007C8D3E /* SCMainViewController.swift */,
				C923C21E1B6E433B007C8D3E /* SCMainViewController.xib */,
			);
			name = MainViewController;
			sourceTree = "<group>";
		};
		C923C2281B6E4583007C8D3E /* Frameworks */ = {
			isa = PBXGroup;
			children = (
				C923C2311B6E6DAA007C8D3E /* CoreLocation.framework */,
				C923C2261B6E4571007C8D3E /* MapKit.framework */,
			);
			name = Frameworks;
			sourceTree = "<group>";
		};
		C923C22E1B6E45D5007C8D3E /* SCViewController */ = {
			isa = PBXGroup;
			children = (
				C923C22F1B6E45E3007C8D3E /* SCViewController.swift */,
			);
			name = SCViewController;
			sourceTree = "<group>";
		};
		C923C2331B6E795F007C8D3E /* User Defaults Manager */ = {
			isa = PBXGroup;
			children = (
				C923C2341B6E797F007C8D3E /* SCUserDefaultsManager.swift */,
			);
			name = "User Defaults Manager";
			sourceTree = "<group>";
		};
/* End PBXGroup section */

/* Begin PBXNativeTarget section */
		C923C1E91B6E4277007C8D3E /* Stop Catcher */ = {
			isa = PBXNativeTarget;
			buildConfigurationList = C923C2091B6E4277007C8D3E /* Build configuration list for PBXNativeTarget "Stop Catcher" */;
			buildPhases = (
				C923C1E61B6E4277007C8D3E /* Sources */,
				C923C1E71B6E4277007C8D3E /* Frameworks */,
				C923C1E81B6E4277007C8D3E /* Resources */,
			);
			buildRules = (
			);
			dependencies = (
			);
			name = "Stop Catcher";
			productName = "Stop Catcher";
			productReference = C923C1EA1B6E4277007C8D3E /* Stop Catcher.app */;
			productType = "com.apple.product-type.application";
		};
		C923C1FE1B6E4277007C8D3E /* Stop CatcherTests */ = {
			isa = PBXNativeTarget;
			buildConfigurationList = C923C20C1B6E4277007C8D3E /* Build configuration list for PBXNativeTarget "Stop CatcherTests" */;
			buildPhases = (
				C923C1FB1B6E4277007C8D3E /* Sources */,
				C923C1FC1B6E4277007C8D3E /* Frameworks */,
				C923C1FD1B6E4277007C8D3E /* Resources */,
			);
			buildRules = (
			);
			dependencies = (
				C923C2011B6E4277007C8D3E /* PBXTargetDependency */,
			);
			name = "Stop CatcherTests";
			productName = "Stop CatcherTests";
			productReference = C923C1FF1B6E4277007C8D3E /* Stop CatcherTests.xctest */;
			productType = "com.apple.product-type.bundle.unit-test";
		};
/* End PBXNativeTarget section */

/* Begin PBXProject section */
		C923C1E21B6E4277007C8D3E /* Project object */ = {
			isa = PBXProject;
			attributes = {
				LastSwiftMigration = 0710;
				LastSwiftUpdateCheck = 0710;
				LastUpgradeCheck = 0710;
				ORGANIZATIONNAME = "Stop Catcher";
				TargetAttributes = {
					C923C1E91B6E4277007C8D3E = {
						CreatedOnToolsVersion = 6.4;
						SystemCapabilities = {
							com.apple.BackgroundModes = {
								enabled = 1;
							};
						};
					};
					C923C1FE1B6E4277007C8D3E = {
						CreatedOnToolsVersion = 6.4;
						TestTargetID = C923C1E91B6E4277007C8D3E;
					};
				};
			};
			buildConfigurationList = C923C1E51B6E4277007C8D3E /* Build configuration list for PBXProject "Stop Catcher" */;
			compatibilityVersion = "Xcode 3.2";
			developmentRegion = English;
			hasScannedForEncodings = 0;
			knownRegions = (
				en,
				Base,
			);
			mainGroup = C923C1E11B6E4277007C8D3E;
			productRefGroup = C923C1EB1B6E4277007C8D3E /* Products */;
			projectDirPath = "";
			projectRoot = "";
			targets = (
				C923C1E91B6E4277007C8D3E /* Stop Catcher */,
				C923C1FE1B6E4277007C8D3E /* Stop CatcherTests */,
			);
		};
/* End PBXProject section */

/* Begin PBXResourcesBuildPhase section */
		C923C1E81B6E4277007C8D3E /* Resources */ = {
			isa = PBXResourcesBuildPhase;
			buildActionMask = 2147483647;
			files = (
				C923C21A1B6E4316007C8D3E /* Images.xcassets in Resources */,
				C923C2181B6E4316007C8D3E /* LaunchScreen.xib in Resources */,
				C923C2201B6E433B007C8D3E /* SCMainViewController.xib in Resources */,
			);
			runOnlyForDeploymentPostprocessing = 0;
		};
		C923C1FD1B6E4277007C8D3E /* Resources */ = {
			isa = PBXResourcesBuildPhase;
			buildActionMask = 2147483647;
			files = (
			);
			runOnlyForDeploymentPostprocessing = 0;
		};
/* End PBXResourcesBuildPhase section */

/* Begin PBXSourcesBuildPhase section */
		C923C1E61B6E4277007C8D3E /* Sources */ = {
			isa = PBXSourcesBuildPhase;
			buildActionMask = 2147483647;
			files = (
				C923C2171B6E4316007C8D3E /* AppDelegate.swift in Sources */,
				C923C2301B6E45E3007C8D3E /* SCViewController.swift in Sources */,
				C923C21F1B6E433B007C8D3E /* SCMainViewController.swift in Sources */,
				C923C2351B6E797F007C8D3E /* SCUserDefaultsManager.swift in Sources */,
			);
			runOnlyForDeploymentPostprocessing = 0;
		};
		C923C1FB1B6E4277007C8D3E /* Sources */ = {
			isa = PBXSourcesBuildPhase;
			buildActionMask = 2147483647;
			files = (
				C923C2061B6E4277007C8D3E /* Stop_CatcherTests.swift in Sources */,
			);
			runOnlyForDeploymentPostprocessing = 0;
		};
/* End PBXSourcesBuildPhase section */

/* Begin PBXTargetDependency section */
		C923C2011B6E4277007C8D3E /* PBXTargetDependency */ = {
			isa = PBXTargetDependency;
			target = C923C1E91B6E4277007C8D3E /* Stop Catcher */;
			targetProxy = C923C2001B6E4277007C8D3E /* PBXContainerItemProxy */;
		};
/* End PBXTargetDependency section */

/* Begin PBXVariantGroup section */
		C923C2111B6E4316007C8D3E /* LaunchScreen.xib */ = {
			isa = PBXVariantGroup;
			children = (
				C923C2121B6E4316007C8D3E /* Base */,
			);
			name = LaunchScreen.xib;
			sourceTree = "<group>";
		};
/* End PBXVariantGroup section */

/* Begin XCBuildConfiguration section */
		C923C2071B6E4277007C8D3E /* Debug */ = {
			isa = XCBuildConfiguration;
			buildSettings = {
				ALWAYS_SEARCH_USER_PATHS = NO;
				CLANG_CXX_LANGUAGE_STANDARD = "gnu++0x";
				CLANG_CXX_LIBRARY = "libc++";
				CLANG_ENABLE_MODULES = YES;
				CLANG_ENABLE_OBJC_ARC = YES;
				CLANG_WARN_BOOL_CONVERSION = YES;
				CLANG_WARN_CONSTANT_CONVERSION = YES;
				CLANG_WARN_DIRECT_OBJC_ISA_USAGE = YES_ERROR;
				CLANG_WARN_EMPTY_BODY = YES;
				CLANG_WARN_ENUM_CONVERSION = YES;
				CLANG_WARN_INT_CONVERSION = YES;
				CLANG_WARN_OBJC_ROOT_CLASS = YES_ERROR;
				CLANG_WARN_UNREACHABLE_CODE = YES;
				CLANG_WARN__DUPLICATE_METHOD_MATCH = YES;
				"CODE_SIGN_IDENTITY[sdk=iphoneos*]" = "iPhone Developer";
				COPY_PHASE_STRIP = NO;
				DEBUG_INFORMATION_FORMAT = "dwarf-with-dsym";
				ENABLE_STRICT_OBJC_MSGSEND = YES;
				ENABLE_TESTABILITY = YES;
				GCC_C_LANGUAGE_STANDARD = gnu99;
				GCC_DYNAMIC_NO_PIC = NO;
				GCC_NO_COMMON_BLOCKS = YES;
				GCC_OPTIMIZATION_LEVEL = 0;
				GCC_PREPROCESSOR_DEFINITIONS = (
					"DEBUG=1",
					"$(inherited)",
				);
				GCC_SYMBOLS_PRIVATE_EXTERN = NO;
				GCC_TREAT_WARNINGS_AS_ERRORS = YES;
				GCC_WARN_64_TO_32_BIT_CONVERSION = YES;
				GCC_WARN_ABOUT_RETURN_TYPE = YES_ERROR;
				GCC_WARN_UNDECLARED_SELECTOR = YES;
				GCC_WARN_UNINITIALIZED_AUTOS = YES_AGGRESSIVE;
				GCC_WARN_UNUSED_FUNCTION = YES;
				GCC_WARN_UNUSED_VARIABLE = YES;
				IPHONEOS_DEPLOYMENT_TARGET = 8.4;
				MTL_ENABLE_DEBUG_INFO = YES;
				ONLY_ACTIVE_ARCH = YES;
				SDKROOT = iphoneos;
				SWIFT_OPTIMIZATION_LEVEL = "-Onone";
			};
			name = Debug;
		};
		C923C2081B6E4277007C8D3E /* Release */ = {
			isa = XCBuildConfiguration;
			buildSettings = {
				ALWAYS_SEARCH_USER_PATHS = NO;
				CLANG_CXX_LANGUAGE_STANDARD = "gnu++0x";
				CLANG_CXX_LIBRARY = "libc++";
				CLANG_ENABLE_MODULES = YES;
				CLANG_ENABLE_OBJC_ARC = YES;
				CLANG_WARN_BOOL_CONVERSION = YES;
				CLANG_WARN_CONSTANT_CONVERSION = YES;
				CLANG_WARN_DIRECT_OBJC_ISA_USAGE = YES_ERROR;
				CLANG_WARN_EMPTY_BODY = YES;
				CLANG_WARN_ENUM_CONVERSION = YES;
				CLANG_WARN_INT_CONVERSION = YES;
				CLANG_WARN_OBJC_ROOT_CLASS = YES_ERROR;
				CLANG_WARN_UNREACHABLE_CODE = YES;
				CLANG_WARN__DUPLICATE_METHOD_MATCH = YES;
				"CODE_SIGN_IDENTITY[sdk=iphoneos*]" = "iPhone Developer";
				COPY_PHASE_STRIP = NO;
				DEBUG_INFORMATION_FORMAT = "dwarf-with-dsym";
				ENABLE_NS_ASSERTIONS = NO;
				ENABLE_STRICT_OBJC_MSGSEND = YES;
				GCC_C_LANGUAGE_STANDARD = gnu99;
				GCC_NO_COMMON_BLOCKS = YES;
				GCC_TREAT_WARNINGS_AS_ERRORS = YES;
				GCC_WARN_64_TO_32_BIT_CONVERSION = YES;
				GCC_WARN_ABOUT_RETURN_TYPE = YES_ERROR;
				GCC_WARN_UNDECLARED_SELECTOR = YES;
				GCC_WARN_UNINITIALIZED_AUTOS = YES_AGGRESSIVE;
				GCC_WARN_UNUSED_FUNCTION = YES;
				GCC_WARN_UNUSED_VARIABLE = YES;
				IPHONEOS_DEPLOYMENT_TARGET = 8.4;
				MTL_ENABLE_DEBUG_INFO = NO;
				SDKROOT = iphoneos;
				VALIDATE_PRODUCT = YES;
			};
			name = Release;
		};
		C923C20A1B6E4277007C8D3E /* Debug */ = {
			isa = XCBuildConfiguration;
			buildSettings = {
				ASSETCATALOG_COMPILER_APPICON_NAME = AppIcon;
				GCC_TREAT_WARNINGS_AS_ERRORS = YES;
				INFOPLIST_FILE = "Stop Catcher/Supporting Files/Info.plist";
				LD_RUNPATH_SEARCH_PATHS = "$(inherited) @executable_path/Frameworks";
				PRODUCT_BUNDLE_IDENTIFIER = "com.stopcatcher.$(PRODUCT_NAME:rfc1034identifier)";
				PRODUCT_NAME = "$(TARGET_NAME)";
				TARGETED_DEVICE_FAMILY = "1,2";
			};
			name = Debug;
		};
		C923C20B1B6E4277007C8D3E /* Release */ = {
			isa = XCBuildConfiguration;
			buildSettings = {
				ASSETCATALOG_COMPILER_APPICON_NAME = AppIcon;
				GCC_TREAT_WARNINGS_AS_ERRORS = YES;
				INFOPLIST_FILE = "Stop Catcher/Supporting Files/Info.plist";
				LD_RUNPATH_SEARCH_PATHS = "$(inherited) @executable_path/Frameworks";
				PRODUCT_BUNDLE_IDENTIFIER = "com.stopcatcher.$(PRODUCT_NAME:rfc1034identifier)";
				PRODUCT_NAME = "$(TARGET_NAME)";
				TARGETED_DEVICE_FAMILY = "1,2";
			};
			name = Release;
		};
		C923C20D1B6E4277007C8D3E /* Debug */ = {
			isa = XCBuildConfiguration;
			buildSettings = {
				BUNDLE_LOADER = "$(TEST_HOST)";
				FRAMEWORK_SEARCH_PATHS = (
					"$(SDKROOT)/Developer/Library/Frameworks",
					"$(inherited)",
				);
				GCC_PREPROCESSOR_DEFINITIONS = (
					"DEBUG=1",
					"$(inherited)",
				);
				INFOPLIST_FILE = "Stop CatcherTests/Info.plist";
				LD_RUNPATH_SEARCH_PATHS = "$(inherited) @executable_path/Frameworks @loader_path/Frameworks";
				PRODUCT_BUNDLE_IDENTIFIER = "com.stopcatcher.$(PRODUCT_NAME:rfc1034identifier)";
				PRODUCT_NAME = "$(TARGET_NAME)";
				TEST_HOST = "$(BUILT_PRODUCTS_DIR)/Stop Catcher.app/Stop Catcher";
			};
			name = Debug;
		};
		C923C20E1B6E4277007C8D3E /* Release */ = {
			isa = XCBuildConfiguration;
			buildSettings = {
				BUNDLE_LOADER = "$(TEST_HOST)";
				FRAMEWORK_SEARCH_PATHS = (
					"$(SDKROOT)/Developer/Library/Frameworks",
					"$(inherited)",
				);
				INFOPLIST_FILE = "Stop CatcherTests/Info.plist";
				LD_RUNPATH_SEARCH_PATHS = "$(inherited) @executable_path/Frameworks @loader_path/Frameworks";
				PRODUCT_BUNDLE_IDENTIFIER = "com.stopcatcher.$(PRODUCT_NAME:rfc1034identifier)";
				PRODUCT_NAME = "$(TARGET_NAME)";
				TEST_HOST = "$(BUILT_PRODUCTS_DIR)/Stop Catcher.app/Stop Catcher";
			};
			name = Release;
		};
/* End XCBuildConfiguration section */

/* Begin XCConfigurationList section */
		C923C1E51B6E4277007C8D3E /* Build configuration list for PBXProject "Stop Catcher" */ = {
			isa = XCConfigurationList;
			buildConfigurations = (
				C923C2071B6E4277007C8D3E /* Debug */,
				C923C2081B6E4277007C8D3E /* Release */,
			);
			defaultConfigurationIsVisible = 0;
			defaultConfigurationName = Release;
		};
		C923C2091B6E4277007C8D3E /* Build configuration list for PBXNativeTarget "Stop Catcher" */ = {
			isa = XCConfigurationList;
			buildConfigurations = (
				C923C20A1B6E4277007C8D3E /* Debug */,
				C923C20B1B6E4277007C8D3E /* Release */,
			);
			defaultConfigurationIsVisible = 0;
			defaultConfigurationName = Release;
		};
		C923C20C1B6E4277007C8D3E /* Build configuration list for PBXNativeTarget "Stop CatcherTests" */ = {
			isa = XCConfigurationList;
			buildConfigurations = (
				C923C20D1B6E4277007C8D3E /* Debug */,
				C923C20E1B6E4277007C8D3E /* Release */,
			);
			defaultConfigurationIsVisible = 0;
			defaultConfigurationName = Release;
		};
/* End XCConfigurationList section */
	};
	rootObject = C923C1E21B6E4277007C8D3E /* Project object */;
}
